
Microsoft Visual Studio Solution File, Format Version 12.00
# Visual Studio Version 17
VisualStudioVersion = 17.14.36429.23 d17.14
MinimumVisualStudioVersion = 10.0.40219.1
Project("{F184B08F-C81C-45F6-A57F-5ABD9991F28F}") = "ejercicio_7_6", "ejercicio_7_6\ejercicio_7_6.vbproj", "{292A4F52-00CA-45AE-A116-6E24BEC995D9}"
EndProject
Global
	GlobalSection(SolutionConfigurationPlatforms) = preSolution
		Debug|Any CPU = Debug|Any CPU
		Release|Any CPU = Release|Any CPU
	EndGlobalSection
	GlobalSection(ProjectConfigurationPlatforms) = postSolution
		{292A4F52-00CA-45AE-A116-6E24BEC995D9}.Debug|Any CPU.ActiveCfg = Debug|Any CPU
		{292A4F52-00CA-45AE-A116-6E24BEC995D9}.Debug|Any CPU.Build.0 = Debug|Any CPU
		{292A4F52-00CA-45AE-A116-6E24BEC995D9}.Release|Any CPU.ActiveCfg = Release|Any CPU
		{292A4F52-00CA-45AE-A116-6E24BEC995D9}.Release|Any CPU.Build.0 = Release|Any CPU
	EndGlobalSection
	GlobalSection(SolutionProperties) = preSolution
		HideSolutionNode = FALSE
	EndGlobalSection
	GlobalSection(ExtensibilityGlobals) = postSolution
		SolutionGuid = {023AB0A4-33E1-4BF5-A30B-77A63A80C8FF}
	EndGlobalSection
EndGlobal
