
Microsoft Visual Studio Solution File, Format Version 12.00
# Visual Studio Version 17
VisualStudioVersion = 17.14.36429.23 d17.14
MinimumVisualStudioVersion = 10.0.40219.1
Project("{F184B08F-C81C-45F6-A57F-5ABD9991F28F}") = "ejercicio_5_4", "ejercicio_5_4.vbproj", "{F2DACFFE-FAFE-454B-BBC3-E5B1C6CF2E09}"
EndProject
Global
	GlobalSection(SolutionConfigurationPlatforms) = preSolution
		Debug|Any CPU = Debug|Any CPU
		Release|Any CPU = Release|Any CPU
	EndGlobalSection
	GlobalSection(ProjectConfigurationPlatforms) = postSolution
		{F2DACFFE-FAFE-454B-BBC3-E5B1C6CF2E09}.Debug|Any CPU.ActiveCfg = Debug|Any CPU
		{F2DACFFE-FAFE-454B-BBC3-E5B1C6CF2E09}.Debug|Any CPU.Build.0 = Debug|Any CPU
		{F2DACFFE-FAFE-454B-BBC3-E5B1C6CF2E09}.Release|Any CPU.ActiveCfg = Release|Any CPU
		{F2DACFFE-FAFE-454B-BBC3-E5B1C6CF2E09}.Release|Any CPU.Build.0 = Release|Any CPU
	EndGlobalSection
	GlobalSection(SolutionProperties) = preSolution
		HideSolutionNode = FALSE
	EndGlobalSection
	GlobalSection(ExtensibilityGlobals) = postSolution
		SolutionGuid = {7477103C-F384-442B-8E4F-D83EFCC16B73}
	EndGlobalSection
EndGlobal
