
Microsoft Visual Studio Solution File, Format Version 12.00
# Visual Studio Version 17
VisualStudioVersion = 17.14.36429.23 d17.14
MinimumVisualStudioVersion = 10.0.40219.1
Project("{F184B08F-C81C-45F6-A57F-5ABD9991F28F}") = "ejericio_5_1", "ejericio_5_1.vbproj", "{8F418172-651F-4E53-9AD4-C27EF072DE25}"
EndProject
Global
	GlobalSection(SolutionConfigurationPlatforms) = preSolution
		Debug|Any CPU = Debug|Any CPU
		Release|Any CPU = Release|Any CPU
	EndGlobalSection
	GlobalSection(ProjectConfigurationPlatforms) = postSolution
		{8F418172-651F-4E53-9AD4-C27EF072DE25}.Debug|Any CPU.ActiveCfg = Debug|Any CPU
		{8F418172-651F-4E53-9AD4-C27EF072DE25}.Debug|Any CPU.Build.0 = Debug|Any CPU
		{8F418172-651F-4E53-9AD4-C27EF072DE25}.Release|Any CPU.ActiveCfg = Release|Any CPU
		{8F418172-651F-4E53-9AD4-C27EF072DE25}.Release|Any CPU.Build.0 = Release|Any CPU
	EndGlobalSection
	GlobalSection(SolutionProperties) = preSolution
		HideSolutionNode = FALSE
	EndGlobalSection
	GlobalSection(ExtensibilityGlobals) = postSolution
		SolutionGuid = {A14562F1-2C8C-4F28-8F3E-667892351EE2}
	EndGlobalSection
EndGlobal
