
Microsoft Visual Studio Solution File, Format Version 12.00
# Visual Studio Version 17
VisualStudioVersion = 17.14.36429.23 d17.14
MinimumVisualStudioVersion = 10.0.40219.1
Project("{F184B08F-C81C-45F6-A57F-5ABD9991F28F}") = "pruebaResize", "pruebaResize\pruebaResize.vbproj", "{44EC1E56-B0F6-4C8B-B230-202C1CA96630}"
EndProject
Global
	GlobalSection(SolutionConfigurationPlatforms) = preSolution
		Debug|Any CPU = Debug|Any CPU
		Release|Any CPU = Release|Any CPU
	EndGlobalSection
	GlobalSection(ProjectConfigurationPlatforms) = postSolution
		{44EC1E56-B0F6-4C8B-B230-202C1CA96630}.Debug|Any CPU.ActiveCfg = Debug|Any CPU
		{44EC1E56-B0F6-4C8B-B230-202C1CA96630}.Debug|Any CPU.Build.0 = Debug|Any CPU
		{44EC1E56-B0F6-4C8B-B230-202C1CA96630}.Release|Any CPU.ActiveCfg = Release|Any CPU
		{44EC1E56-B0F6-4C8B-B230-202C1CA96630}.Release|Any CPU.Build.0 = Release|Any CPU
	EndGlobalSection
	GlobalSection(SolutionProperties) = preSolution
		HideSolutionNode = FALSE
	EndGlobalSection
	GlobalSection(ExtensibilityGlobals) = postSolution
		SolutionGuid = {E1CD5C2D-C137-4BC0-B024-6DAD62CF3E71}
	EndGlobalSection
EndGlobal
