
Microsoft Visual Studio Solution File, Format Version 12.00
# Visual Studio Version 17
VisualStudioVersion = 17.14.36429.23 d17.14
MinimumVisualStudioVersion = 10.0.40219.1
Project("{F184B08F-C81C-45F6-A57F-5ABD9991F28F}") = "ejercicio_7_5", "ejercicio_7_5\ejercicio_7_5.vbproj", "{FC633378-767F-4168-9E53-A76687508C54}"
EndProject
Global
	GlobalSection(SolutionConfigurationPlatforms) = preSolution
		Debug|Any CPU = Debug|Any CPU
		Release|Any CPU = Release|Any CPU
	EndGlobalSection
	GlobalSection(ProjectConfigurationPlatforms) = postSolution
		{FC633378-767F-4168-9E53-A76687508C54}.Debug|Any CPU.ActiveCfg = Debug|Any CPU
		{FC633378-767F-4168-9E53-A76687508C54}.Debug|Any CPU.Build.0 = Debug|Any CPU
		{FC633378-767F-4168-9E53-A76687508C54}.Release|Any CPU.ActiveCfg = Release|Any CPU
		{FC633378-767F-4168-9E53-A76687508C54}.Release|Any CPU.Build.0 = Release|Any CPU
	EndGlobalSection
	GlobalSection(SolutionProperties) = preSolution
		HideSolutionNode = FALSE
	EndGlobalSection
	GlobalSection(ExtensibilityGlobals) = postSolution
		SolutionGuid = {E5D796A7-4889-481C-BB36-64FD2D8064CF}
	EndGlobalSection
EndGlobal
